
Microsoft Visual Studio Solution File, Format Version 12.00
# Visual Studio Version 17
VisualStudioVersion = 17.9.34616.47
MinimumVisualStudioVersion = 10.0.40219.1
Project("{FAE04EC0-301F-11D3-BF4B-00C04F79EFBC}") = "ModelsApp.S3", "ModelsApp.S3\ModelsApp.S3.csproj", "{7FBDF07D-83A2-47D3-8311-A26DEC76B5CF}"
EndProject
Project("{E53339B2-1760-4266-BCC7-CA923CBCF16C}") = "docker-compose", "docker-compose.dcproj", "{2173718A-473C-48E8-88C5-9BB129DF81A1}"
EndProject
Global
	GlobalSection(SolutionConfigurationPlatforms) = preSolution
		Debug|Any CPU = Debug|Any CPU
		Release|Any CPU = Release|Any CPU
	EndGlobalSection
	GlobalSection(ProjectConfigurationPlatforms) = postSolution
		{7FBDF07D-83A2-47D3-8311-A26DEC76B5CF}.Debug|Any CPU.ActiveCfg = Debug|Any CPU
		{7FBDF07D-83A2-47D3-8311-A26DEC76B5CF}.Debug|Any CPU.Build.0 = Debug|Any CPU
		{7FBDF07D-83A2-47D3-8311-A26DEC76B5CF}.Release|Any CPU.ActiveCfg = Release|Any CPU
		{7FBDF07D-83A2-47D3-8311-A26DEC76B5CF}.Release|Any CPU.Build.0 = Release|Any CPU
		{2173718A-473C-48E8-88C5-9BB129DF81A1}.Debug|Any CPU.ActiveCfg = Debug|Any CPU
		{2173718A-473C-48E8-88C5-9BB129DF81A1}.Debug|Any CPU.Build.0 = Debug|Any CPU
		{2173718A-473C-48E8-88C5-9BB129DF81A1}.Release|Any CPU.ActiveCfg = Release|Any CPU
		{2173718A-473C-48E8-88C5-9BB129DF81A1}.Release|Any CPU.Build.0 = Release|Any CPU
	EndGlobalSection
	GlobalSection(SolutionProperties) = preSolution
		HideSolutionNode = FALSE
	EndGlobalSection
	GlobalSection(ExtensibilityGlobals) = postSolution
		SolutionGuid = {750E1F4B-2A1E-46D9-B143-3BB5062F87C5}
	EndGlobalSection
EndGlobal
